// !$*UTF8*$!
{
	archiveVersion = 1;
	classes = {
	};
	objectVersion = 77;
	objects = {

/* Begin PBXContainerItemProxy section */
		E70A9F252DC468D6002546E8 /* PBXContainerItemProxy */ = {
			isa = PBXContainerItemProxy;
			containerPortal = E70A9F092DC468D4002546E8 /* Project object */;
			proxyType = 1;
			remoteGlobalIDString = E70A9F102DC468D4002546E8;
			remoteInfo = "Commonplace Book";
		};
		E70A9F2F2DC468D6002546E8 /* PBXContainerItemProxy */ = {
			isa = PBXContainerItemProxy;
			containerPortal = E70A9F092DC468D4002546E8 /* Project object */;
			proxyType = 1;
			remoteGlobalIDString = E70A9F102DC468D4002546E8;
			remoteInfo = "Commonplace Book";
		};
/* End PBXContainerItemProxy section */

/* Begin PBXFileReference section */
		E70A9F112DC468D4002546E8 /* Commonplace Book.app */ = {isa = PBXFileReference; explicitFileType = wrapper.application; includeInIndex = 0; path = "Commonplace Book.app"; sourceTree = BUILT_PRODUCTS_DIR; };
		E70A9F242DC468D6002546E8 /* Commonplace BookTests.xctest */ = {isa = PBXFileReference; explicitFileType = wrapper.cfbundle; includeInIndex = 0; path = "Commonplace BookTests.xctest"; sourceTree = BUILT_PRODUCTS_DIR; };
		E70A9F2E2DC468D6002546E8 /* Commonplace BookUITests.xctest */ = {isa = PBXFileReference; explicitFileType = wrapper.cfbundle; includeInIndex = 0; path = "Commonplace BookUITests.xctest"; sourceTree = BUILT_PRODUCTS_DIR; };
/* End PBXFileReference section */

/* Begin PBXFileSystemSynchronizedRootGroup section */
		E70A9F132DC468D4002546E8 /* Commonplace Book */ = {
			isa = PBXFileSystemSynchronizedRootGroup;
			path = "Commonplace Book";
			sourceTree = "<group>";
		};
		E70A9F272DC468D6002546E8 /* Commonplace BookTests */ = {
			isa = PBXFileSystemSynchronizedRootGroup;
			path = "Commonplace BookTests";
			sourceTree = "<group>";
		};
		E70A9F312DC468D6002546E8 /* Commonplace BookUITests */ = {
			isa = PBXFileSystemSynchronizedRootGroup;
			path = "Commonplace BookUITests";
			sourceTree = "<group>";
		};
/* End PBXFileSystemSynchronizedRootGroup section */

/* Begin PBXFrameworksBuildPhase section */
		E70A9F0E2DC468D4002546E8 /* Frameworks */ = {
			isa = PBXFrameworksBuildPhase;
			buildActionMask = 2147483647;
			files = (
			);
			runOnlyForDeploymentPostprocessing = 0;
		};
		E70A9F212DC468D6002546E8 /* Frameworks */ = {
			isa = PBXFrameworksBuildPhase;
			buildActionMask = 2147483647;
			files = (
			);
			runOnlyForDeploymentPostprocessing = 0;
		};
		E70A9F2B2DC468D6002546E8 /* Frameworks */ = {
			isa = PBXFrameworksBuildPhase;
			buildActionMask = 2147483647;
			files = (
			);
			runOnlyForDeploymentPostprocessing = 0;
		};
/* End PBXFrameworksBuildPhase section */

/* Begin PBXGroup section */
		E70A9F082DC468D4002546E8 = {
			isa = PBXGroup;
			children = (
				E70A9F132DC468D4002546E8 /* Commonplace Book */,
				E70A9F272DC468D6002546E8 /* Commonplace BookTests */,
				E70A9F312DC468D6002546E8 /* Commonplace BookUITests */,
				E70A9F122DC468D4002546E8 /* Products */,
			);
			sourceTree = "<group>";
		};
		E70A9F122DC468D4002546E8 /* Products */ = {
			isa = PBXGroup;
			children = (
				E70A9F112DC468D4002546E8 /* Commonplace Book.app */,
				E70A9F242DC468D6002546E8 /* Commonplace BookTests.xctest */,
				E70A9F2E2DC468D6002546E8 /* Commonplace BookUITests.xctest */,
			);
			name = Products;
			sourceTree = "<group>";
		};
/* End PBXGroup section */

/* Begin PBXNativeTarget section */
		E70A9F102DC468D4002546E8 /* Commonplace Book */ = {
			isa = PBXNativeTarget;
			buildConfigurationList = E70A9F382DC468D6002546E8 /* Build configuration list for PBXNativeTarget "Commonplace Book" */;
			buildPhases = (
				E70A9F0D2DC468D4002546E8 /* Sources */,
				E70A9F0E2DC468D4002546E8 /* Frameworks */,
				E70A9F0F2DC468D4002546E8 /* Resources */,
			);
			buildRules = (
			);
			dependencies = (
			);
			fileSystemSynchronizedGroups = (
				E70A9F132DC468D4002546E8 /* Commonplace Book */,
			);
			name = "Commonplace Book";
			packageProductDependencies = (
				E70A9F512DC46AAA002546E8 /* Yams */,
				E70A9F542DC46AAB002546E8 /* Automerge */,
				E70A9F572DC46AAC002546E8 /* SQLite */,
				E70A9F5A2DC46AAD002546E8 /* Embeddings */,
			);
			productName = "Commonplace Book";
			productReference = E70A9F112DC468D4002546E8 /* Commonplace Book.app */;
			productType = "com.apple.product-type.application";
		};
		E70A9F232DC468D6002546E8 /* Commonplace BookTests */ = {
			isa = PBXNativeTarget;
			buildConfigurationList = E70A9F3B2DC468D6002546E8 /* Build configuration list for PBXNativeTarget "Commonplace BookTests" */;
			buildPhases = (
				E70A9F202DC468D6002546E8 /* Sources */,
				E70A9F212DC468D6002546E8 /* Frameworks */,
				E70A9F222DC468D6002546E8 /* Resources */,
			);
			buildRules = (
			);
			dependencies = (
				E70A9F262DC468D6002546E8 /* PBXTargetDependency */,
			);
			fileSystemSynchronizedGroups = (
				E70A9F272DC468D6002546E8 /* Commonplace BookTests */,
			);
			name = "Commonplace BookTests";
			packageProductDependencies = (
			);
			productName = "Commonplace BookTests";
			productReference = E70A9F242DC468D6002546E8 /* Commonplace BookTests.xctest */;
			productType = "com.apple.product-type.bundle.unit-test";
		};
		E70A9F2D2DC468D6002546E8 /* Commonplace BookUITests */ = {
			isa = PBXNativeTarget;
			buildConfigurationList = E70A9F3E2DC468D6002546E8 /* Build configuration list for PBXNativeTarget "Commonplace BookUITests" */;
			buildPhases = (
				E70A9F2A2DC468D6002546E8 /* Sources */,
				E70A9F2B2DC468D6002546E8 /* Frameworks */,
				E70A9F2C2DC468D6002546E8 /* Resources */,
			);
			buildRules = (
			);
			dependencies = (
				E70A9F302DC468D6002546E8 /* PBXTargetDependency */,
			);
			fileSystemSynchronizedGroups = (
				E70A9F312DC468D6002546E8 /* Commonplace BookUITests */,
			);
			name = "Commonplace BookUITests";
			packageProductDependencies = (
			);
			productName = "Commonplace BookUITests";
			productReference = E70A9F2E2DC468D6002546E8 /* Commonplace BookUITests.xctest */;
			productType = "com.apple.product-type.bundle.ui-testing";
		};
/* End PBXNativeTarget section */

/* Begin PBXProject section */
		E70A9F092DC468D4002546E8 /* Project object */ = {
			isa = PBXProject;
			attributes = {
				BuildIndependentTargetsInParallel = 1;
				LastSwiftUpdateCheck = 1630;
				LastUpgradeCheck = 1630;
				TargetAttributes = {
					E70A9F102DC468D4002546E8 = {
						CreatedOnToolsVersion = 16.3;
					};
					E70A9F232DC468D6002546E8 = {
						CreatedOnToolsVersion = 16.3;
						TestTargetID = E70A9F102DC468D4002546E8;
					};
					E70A9F2D2DC468D6002546E8 = {
						CreatedOnToolsVersion = 16.3;
						TestTargetID = E70A9F102DC468D4002546E8;
					};
				};
			};
			buildConfigurationList = E70A9F0C2DC468D4002546E8 /* Build configuration list for PBXProject "Commonplace Book" */;
			developmentRegion = en;
			hasScannedForEncodings = 0;
			knownRegions = (
				en,
				Base,
			);
			mainGroup = E70A9F082DC468D4002546E8;
			minimizedProjectReferenceProxies = 1;
			packageReferences = (
				E70A9F502DC46AAA002546E8 /* XCRemoteSwiftPackageReference "Yams" */,
				E70A9F532DC46AAB002546E8 /* XCRemoteSwiftPackageReference "automerge-swift" */,
				E70A9F562DC46AAC002546E8 /* XCRemoteSwiftPackageReference "SQLite.swift" */,
				E70A9F592DC46AAD002546E8 /* XCRemoteSwiftPackageReference "swift-embeddings" */,
			);
			preferredProjectObjectVersion = 77;
			productRefGroup = E70A9F122DC468D4002546E8 /* Products */;
			projectDirPath = "";
			projectRoot = "";
			targets = (
				E70A9F102DC468D4002546E8 /* Commonplace Book */,
				E70A9F232DC468D6002546E8 /* Commonplace BookTests */,
				E70A9F2D2DC468D6002546E8 /* Commonplace BookUITests */,
			);
		};
/* End PBXProject section */

/* Begin PBXResourcesBuildPhase section */
		E70A9F0F2DC468D4002546E8 /* Resources */ = {
			isa = PBXResourcesBuildPhase;
			buildActionMask = 2147483647;
			files = (
			);
			runOnlyForDeploymentPostprocessing = 0;
		};
		E70A9F222DC468D6002546E8 /* Resources */ = {
			isa = PBXResourcesBuildPhase;
			buildActionMask = 2147483647;
			files = (
			);
			runOnlyForDeploymentPostprocessing = 0;
		};
		E70A9F2C2DC468D6002546E8 /* Resources */ = {
			isa = PBXResourcesBuildPhase;
			buildActionMask = 2147483647;
			files = (
			);
			runOnlyForDeploymentPostprocessing = 0;
		};
/* End PBXResourcesBuildPhase section */

/* Begin PBXSourcesBuildPhase section */
		E70A9F0D2DC468D4002546E8 /* Sources */ = {
			isa = PBXSourcesBuildPhase;
			buildActionMask = 2147483647;
			files = (
			);
			runOnlyForDeploymentPostprocessing = 0;
		};
		E70A9F202DC468D6002546E8 /* Sources */ = {
			isa = PBXSourcesBuildPhase;
			buildActionMask = 2147483647;
			files = (
			);
			runOnlyForDeploymentPostprocessing = 0;
		};
		E70A9F2A2DC468D6002546E8 /* Sources */ = {
			isa = PBXSourcesBuildPhase;
			buildActionMask = 2147483647;
			files = (
			);
			runOnlyForDeploymentPostprocessing = 0;
		};
/* End PBXSourcesBuildPhase section */

/* Begin PBXTargetDependency section */
		E70A9F262DC468D6002546E8 /* PBXTargetDependency */ = {
			isa = PBXTargetDependency;
			target = E70A9F102DC468D4002546E8 /* Commonplace Book */;
			targetProxy = E70A9F252DC468D6002546E8 /* PBXContainerItemProxy */;
		};
		E70A9F302DC468D6002546E8 /* PBXTargetDependency */ = {
			isa = PBXTargetDependency;
			target = E70A9F102DC468D4002546E8 /* Commonplace Book */;
			targetProxy = E70A9F2F2DC468D6002546E8 /* PBXContainerItemProxy */;
		};
/* End PBXTargetDependency section */

/* Begin XCBuildConfiguration section */
		E70A9F362DC468D6002546E8 /* Debug */ = {
			isa = XCBuildConfiguration;
			buildSettings = {
				ALWAYS_SEARCH_USER_PATHS = NO;
				ASSETCATALOG_COMPILER_GENERATE_SWIFT_ASSET_SYMBOL_EXTENSIONS = YES;
				CLANG_ANALYZER_NONNULL = YES;
				CLANG_ANALYZER_NUMBER_OBJECT_CONVERSION = YES_AGGRESSIVE;
				CLANG_CXX_LANGUAGE_STANDARD = "gnu++20";
				CLANG_ENABLE_MODULES = YES;
				CLANG_ENABLE_OBJC_ARC = YES;
				CLANG_ENABLE_OBJC_WEAK = YES;
				CLANG_WARN_BLOCK_CAPTURE_AUTORELEASING = YES;
				CLANG_WARN_BOOL_CONVERSION = YES;
				CLANG_WARN_COMMA = YES;
				CLANG_WARN_CONSTANT_CONVERSION = YES;
				CLANG_WARN_DEPRECATED_OBJC_IMPLEMENTATIONS = YES;
				CLANG_WARN_DIRECT_OBJC_ISA_USAGE = YES_ERROR;
				CLANG_WARN_DOCUMENTATION_COMMENTS = YES;
				CLANG_WARN_EMPTY_BODY = YES;
				CLANG_WARN_ENUM_CONVERSION = YES;
				CLANG_WARN_INFINITE_RECURSION = YES;
				CLANG_WARN_INT_CONVERSION = YES;
				CLANG_WARN_NON_LITERAL_NULL_CONVERSION = YES;
				CLANG_WARN_OBJC_IMPLICIT_RETAIN_SELF = YES;
				CLANG_WARN_OBJC_LITERAL_CONVERSION = YES;
				CLANG_WARN_OBJC_ROOT_CLASS = YES_ERROR;
				CLANG_WARN_QUOTED_INCLUDE_IN_FRAMEWORK_HEADER = YES;
				CLANG_WARN_RANGE_LOOP_ANALYSIS = YES;
				CLANG_WARN_STRICT_PROTOTYPES = YES;
				CLANG_WARN_SUSPICIOUS_MOVE = YES;
				CLANG_WARN_UNGUARDED_AVAILABILITY = YES_AGGRESSIVE;
				CLANG_WARN_UNREACHABLE_CODE = YES;
				CLANG_WARN__DUPLICATE_METHOD_MATCH = YES;
				COPY_PHASE_STRIP = NO;
				DEBUG_INFORMATION_FORMAT = dwarf;
				ENABLE_STRICT_OBJC_MSGSEND = YES;
				ENABLE_TESTABILITY = YES;
				ENABLE_USER_SCRIPT_SANDBOXING = YES;
				GCC_C_LANGUAGE_STANDARD = gnu17;
				GCC_DYNAMIC_NO_PIC = NO;
				GCC_NO_COMMON_BLOCKS = YES;
				GCC_OPTIMIZATION_LEVEL = 0;
				GCC_PREPROCESSOR_DEFINITIONS = (
					"DEBUG=1",
					"$(inherited)",
				);
				GCC_WARN_64_TO_32_BIT_CONVERSION = YES;
				GCC_WARN_ABOUT_RETURN_TYPE = YES_ERROR;
				GCC_WARN_UNDECLARED_SELECTOR = YES;
				GCC_WARN_UNINITIALIZED_AUTOS = YES_AGGRESSIVE;
				GCC_WARN_UNUSED_FUNCTION = YES;
				GCC_WARN_UNUSED_VARIABLE = YES;
				LOCALIZATION_PREFERS_STRING_CATALOGS = YES;
				MTL_ENABLE_DEBUG_INFO = INCLUDE_SOURCE;
				MTL_FAST_MATH = YES;
				ONLY_ACTIVE_ARCH = YES;
				SWIFT_ACTIVE_COMPILATION_CONDITIONS = "DEBUG $(inherited)";
				SWIFT_OPTIMIZATION_LEVEL = "-Onone";
			};
			name = Debug;
		};
		E70A9F372DC468D6002546E8 /* Release */ = {
			isa = XCBuildConfiguration;
			buildSettings = {
				ALWAYS_SEARCH_USER_PATHS = NO;
				ASSETCATALOG_COMPILER_GENERATE_SWIFT_ASSET_SYMBOL_EXTENSIONS = YES;
				CLANG_ANALYZER_NONNULL = YES;
				CLANG_ANALYZER_NUMBER_OBJECT_CONVERSION = YES_AGGRESSIVE;
				CLANG_CXX_LANGUAGE_STANDARD = "gnu++20";
				CLANG_ENABLE_MODULES = YES;
				CLANG_ENABLE_OBJC_ARC = YES;
				CLANG_ENABLE_OBJC_WEAK = YES;
				CLANG_WARN_BLOCK_CAPTURE_AUTORELEASING = YES;
				CLANG_WARN_BOOL_CONVERSION = YES;
				CLANG_WARN_COMMA = YES;
				CLANG_WARN_CONSTANT_CONVERSION = YES;
				CLANG_WARN_DEPRECATED_OBJC_IMPLEMENTATIONS = YES;
				CLANG_WARN_DIRECT_OBJC_ISA_USAGE = YES_ERROR;
				CLANG_WARN_DOCUMENTATION_COMMENTS = YES;
				CLANG_WARN_EMPTY_BODY = YES;
				CLANG_WARN_ENUM_CONVERSION = YES;
				CLANG_WARN_INFINITE_RECURSION = YES;
				CLANG_WARN_INT_CONVERSION = YES;
				CLANG_WARN_NON_LITERAL_NULL_CONVERSION = YES;
				CLANG_WARN_OBJC_IMPLICIT_RETAIN_SELF = YES;
				CLANG_WARN_OBJC_LITERAL_CONVERSION = YES;
				CLANG_WARN_OBJC_ROOT_CLASS = YES_ERROR;
				CLANG_WARN_QUOTED_INCLUDE_IN_FRAMEWORK_HEADER = YES;
				CLANG_WARN_RANGE_LOOP_ANALYSIS = YES;
				CLANG_WARN_STRICT_PROTOTYPES = YES;
				CLANG_WARN_SUSPICIOUS_MOVE = YES;
				CLANG_WARN_UNGUARDED_AVAILABILITY = YES_AGGRESSIVE;
				CLANG_WARN_UNREACHABLE_CODE = YES;
				CLANG_WARN__DUPLICATE_METHOD_MATCH = YES;
				COPY_PHASE_STRIP = NO;
				DEBUG_INFORMATION_FORMAT = "dwarf-with-dsym";
				ENABLE_NS_ASSERTIONS = NO;
				ENABLE_STRICT_OBJC_MSGSEND = YES;
				ENABLE_USER_SCRIPT_SANDBOXING = YES;
				GCC_C_LANGUAGE_STANDARD = gnu17;
				GCC_NO_COMMON_BLOCKS = YES;
				GCC_WARN_64_TO_32_BIT_CONVERSION = YES;
				GCC_WARN_ABOUT_RETURN_TYPE = YES_ERROR;
				GCC_WARN_UNDECLARED_SELECTOR = YES;
				GCC_WARN_UNINITIALIZED_AUTOS = YES_AGGRESSIVE;
				GCC_WARN_UNUSED_FUNCTION = YES;
				GCC_WARN_UNUSED_VARIABLE = YES;
				LOCALIZATION_PREFERS_STRING_CATALOGS = YES;
				MTL_ENABLE_DEBUG_INFO = NO;
				MTL_FAST_MATH = YES;
				SWIFT_COMPILATION_MODE = wholemodule;
			};
			name = Release;
		};
		E70A9F392DC468D6002546E8 /* Debug */ = {
			isa = XCBuildConfiguration;
			buildSettings = {
				ASSETCATALOG_COMPILER_APPICON_NAME = AppIcon;
				ASSETCATALOG_COMPILER_GLOBAL_ACCENT_COLOR_NAME = AccentColor;
				CODE_SIGN_ENTITLEMENTS = "Commonplace Book/Commonplace_Book.entitlements";
				CODE_SIGN_STYLE = Automatic;
				CURRENT_PROJECT_VERSION = 1;
				DEVELOPMENT_TEAM = BV4NSL7KLF;
				ENABLE_PREVIEWS = YES;
				GENERATE_INFOPLIST_FILE = YES;
				"INFOPLIST_KEY_UIApplicationSceneManifest_Generation[sdk=iphoneos*]" = YES;
				"INFOPLIST_KEY_UIApplicationSceneManifest_Generation[sdk=iphonesimulator*]" = YES;
				"INFOPLIST_KEY_UIApplicationSupportsIndirectInputEvents[sdk=iphoneos*]" = YES;
				"INFOPLIST_KEY_UIApplicationSupportsIndirectInputEvents[sdk=iphonesimulator*]" = YES;
				"INFOPLIST_KEY_UILaunchScreen_Generation[sdk=iphoneos*]" = YES;
				"INFOPLIST_KEY_UILaunchScreen_Generation[sdk=iphonesimulator*]" = YES;
				"INFOPLIST_KEY_UIStatusBarStyle[sdk=iphoneos*]" = UIStatusBarStyleDefault;
				"INFOPLIST_KEY_UIStatusBarStyle[sdk=iphonesimulator*]" = UIStatusBarStyleDefault;
				INFOPLIST_KEY_UISupportedInterfaceOrientations_iPad = "UIInterfaceOrientationPortrait UIInterfaceOrientationPortraitUpsideDown UIInterfaceOrientationLandscapeLeft UIInterfaceOrientationLandscapeRight";
				INFOPLIST_KEY_UISupportedInterfaceOrientations_iPhone = "UIInterfaceOrientationPortrait UIInterfaceOrientationLandscapeLeft UIInterfaceOrientationLandscapeRight";
				IPHONEOS_DEPLOYMENT_TARGET = 18.4;
				LD_RUNPATH_SEARCH_PATHS = "@executable_path/Frameworks";
				"LD_RUNPATH_SEARCH_PATHS[sdk=macosx*]" = "@executable_path/../Frameworks";
				MACOSX_DEPLOYMENT_TARGET = 15.4;
				MARKETING_VERSION = 1.0;
				PRODUCT_BUNDLE_IDENTIFIER = "com.tamarou.commonplacebook-app";
				PRODUCT_NAME = "$(TARGET_NAME)";
				REGISTER_APP_GROUPS = YES;
				SDKROOT = auto;
				SUPPORTED_PLATFORMS = "iphoneos iphonesimulator macosx xros xrsimulator";
				SWIFT_EMIT_LOC_STRINGS = YES;
				SWIFT_VERSION = 5.0;
				TARGETED_DEVICE_FAMILY = "1,2,7";
				XROS_DEPLOYMENT_TARGET = 2.4;
			};
			name = Debug;
		};
		E70A9F3A2DC468D6002546E8 /* Release */ = {
			isa = XCBuildConfiguration;
			buildSettings = {
				ASSETCATALOG_COMPILER_APPICON_NAME = AppIcon;
				ASSETCATALOG_COMPILER_GLOBAL_ACCENT_COLOR_NAME = AccentColor;
				CODE_SIGN_ENTITLEMENTS = "Commonplace Book/Commonplace_Book.entitlements";
				CODE_SIGN_STYLE = Automatic;
				CURRENT_PROJECT_VERSION = 1;
				DEVELOPMENT_TEAM = BV4NSL7KLF;
				ENABLE_PREVIEWS = YES;
				GENERATE_INFOPLIST_FILE = YES;
				"INFOPLIST_KEY_UIApplicationSceneManifest_Generation[sdk=iphoneos*]" = YES;
				"INFOPLIST_KEY_UIApplicationSceneManifest_Generation[sdk=iphonesimulator*]" = YES;
				"INFOPLIST_KEY_UIApplicationSupportsIndirectInputEvents[sdk=iphoneos*]" = YES;
				"INFOPLIST_KEY_UIApplicationSupportsIndirectInputEvents[sdk=iphonesimulator*]" = YES;
				"INFOPLIST_KEY_UILaunchScreen_Generation[sdk=iphoneos*]" = YES;
				"INFOPLIST_KEY_UILaunchScreen_Generation[sdk=iphonesimulator*]" = YES;
				"INFOPLIST_KEY_UIStatusBarStyle[sdk=iphoneos*]" = UIStatusBarStyleDefault;
				"INFOPLIST_KEY_UIStatusBarStyle[sdk=iphonesimulator*]" = UIStatusBarStyleDefault;
				INFOPLIST_KEY_UISupportedInterfaceOrientations_iPad = "UIInterfaceOrientationPortrait UIInterfaceOrientationPortraitUpsideDown UIInterfaceOrientationLandscapeLeft UIInterfaceOrientationLandscapeRight";
				INFOPLIST_KEY_UISupportedInterfaceOrientations_iPhone = "UIInterfaceOrientationPortrait UIInterfaceOrientationLandscapeLeft UIInterfaceOrientationLandscapeRight";
				IPHONEOS_DEPLOYMENT_TARGET = 18.4;
				LD_RUNPATH_SEARCH_PATHS = "@executable_path/Frameworks";
				"LD_RUNPATH_SEARCH_PATHS[sdk=macosx*]" = "@executable_path/../Frameworks";
				MACOSX_DEPLOYMENT_TARGET = 15.4;
				MARKETING_VERSION = 1.0;
				PRODUCT_BUNDLE_IDENTIFIER = "com.tamarou.commonplacebook-app";
				PRODUCT_NAME = "$(TARGET_NAME)";
				REGISTER_APP_GROUPS = YES;
				SDKROOT = auto;
				SUPPORTED_PLATFORMS = "iphoneos iphonesimulator macosx xros xrsimulator";
				SWIFT_EMIT_LOC_STRINGS = YES;
				SWIFT_VERSION = 5.0;
				TARGETED_DEVICE_FAMILY = "1,2,7";
				XROS_DEPLOYMENT_TARGET = 2.4;
			};
			name = Release;
		};
		E70A9F3C2DC468D6002546E8 /* Debug */ = {
			isa = XCBuildConfiguration;
			buildSettings = {
				BUNDLE_LOADER = "$(TEST_HOST)";
				CODE_SIGN_STYLE = Automatic;
				CURRENT_PROJECT_VERSION = 1;
				GENERATE_INFOPLIST_FILE = YES;
				IPHONEOS_DEPLOYMENT_TARGET = 18.4;
				MACOSX_DEPLOYMENT_TARGET = 15.4;
				MARKETING_VERSION = 1.0;
				PRODUCT_BUNDLE_IDENTIFIER = "com.tamarou.commonplacebook-appTests";
				PRODUCT_NAME = "$(TARGET_NAME)";
				SDKROOT = auto;
				SUPPORTED_PLATFORMS = "iphoneos iphonesimulator macosx xros xrsimulator";
				SWIFT_EMIT_LOC_STRINGS = NO;
				SWIFT_VERSION = 5.0;
				TARGETED_DEVICE_FAMILY = "1,2,7";
				TEST_HOST = "$(BUILT_PRODUCTS_DIR)/Commonplace Book.app/$(BUNDLE_EXECUTABLE_FOLDER_PATH)/Commonplace Book";
				XROS_DEPLOYMENT_TARGET = 2.4;
			};
			name = Debug;
		};
		E70A9F3D2DC468D6002546E8 /* Release */ = {
			isa = XCBuildConfiguration;
			buildSettings = {
				BUNDLE_LOADER = "$(TEST_HOST)";
				CODE_SIGN_STYLE = Automatic;
				CURRENT_PROJECT_VERSION = 1;
				GENERATE_INFOPLIST_FILE = YES;
				IPHONEOS_DEPLOYMENT_TARGET = 18.4;
				MACOSX_DEPLOYMENT_TARGET = 15.4;
				MARKETING_VERSION = 1.0;
				PRODUCT_BUNDLE_IDENTIFIER = "com.tamarou.commonplacebook-appTests";
				PRODUCT_NAME = "$(TARGET_NAME)";
				SDKROOT = auto;
				SUPPORTED_PLATFORMS = "iphoneos iphonesimulator macosx xros xrsimulator";
				SWIFT_EMIT_LOC_STRINGS = NO;
				SWIFT_VERSION = 5.0;
				TARGETED_DEVICE_FAMILY = "1,2,7";
				TEST_HOST = "$(BUILT_PRODUCTS_DIR)/Commonplace Book.app/$(BUNDLE_EXECUTABLE_FOLDER_PATH)/Commonplace Book";
				XROS_DEPLOYMENT_TARGET = 2.4;
			};
			name = Release;
		};
		E70A9F3F2DC468D6002546E8 /* Debug */ = {
			isa = XCBuildConfiguration;
			buildSettings = {
				CODE_SIGN_STYLE = Automatic;
				CURRENT_PROJECT_VERSION = 1;
				GENERATE_INFOPLIST_FILE = YES;
				IPHONEOS_DEPLOYMENT_TARGET = 18.4;
				MACOSX_DEPLOYMENT_TARGET = 15.4;
				MARKETING_VERSION = 1.0;
				PRODUCT_BUNDLE_IDENTIFIER = "com.tamarou.commonplacebook-appUITests";
				PRODUCT_NAME = "$(TARGET_NAME)";
				SDKROOT = auto;
				SUPPORTED_PLATFORMS = "iphoneos iphonesimulator macosx xros xrsimulator";
				SWIFT_EMIT_LOC_STRINGS = NO;
				SWIFT_VERSION = 5.0;
				TARGETED_DEVICE_FAMILY = "1,2,7";
				TEST_TARGET_NAME = "Commonplace Book";
				XROS_DEPLOYMENT_TARGET = 2.4;
			};
			name = Debug;
		};
		E70A9F402DC468D6002546E8 /* Release */ = {
			isa = XCBuildConfiguration;
			buildSettings = {
				CODE_SIGN_STYLE = Automatic;
				CURRENT_PROJECT_VERSION = 1;
				GENERATE_INFOPLIST_FILE = YES;
				IPHONEOS_DEPLOYMENT_TARGET = 18.4;
				MACOSX_DEPLOYMENT_TARGET = 15.4;
				MARKETING_VERSION = 1.0;
				PRODUCT_BUNDLE_IDENTIFIER = "com.tamarou.commonplacebook-appUITests";
				PRODUCT_NAME = "$(TARGET_NAME)";
				SDKROOT = auto;
				SUPPORTED_PLATFORMS = "iphoneos iphonesimulator macosx xros xrsimulator";
				SWIFT_EMIT_LOC_STRINGS = NO;
				SWIFT_VERSION = 5.0;
				TARGETED_DEVICE_FAMILY = "1,2,7";
				TEST_TARGET_NAME = "Commonplace Book";
				XROS_DEPLOYMENT_TARGET = 2.4;
			};
			name = Release;
		};
/* End XCBuildConfiguration section */

/* Begin XCConfigurationList section */
		E70A9F0C2DC468D4002546E8 /* Build configuration list for PBXProject "Commonplace Book" */ = {
			isa = XCConfigurationList;
			buildConfigurations = (
				E70A9F362DC468D6002546E8 /* Debug */,
				E70A9F372DC468D6002546E8 /* Release */,
			);
			defaultConfigurationIsVisible = 0;
			defaultConfigurationName = Release;
		};
		E70A9F382DC468D6002546E8 /* Build configuration list for PBXNativeTarget "Commonplace Book" */ = {
			isa = XCConfigurationList;
			buildConfigurations = (
				E70A9F392DC468D6002546E8 /* Debug */,
				E70A9F3A2DC468D6002546E8 /* Release */,
			);
			defaultConfigurationIsVisible = 0;
			defaultConfigurationName = Release;
		};
		E70A9F3B2DC468D6002546E8 /* Build configuration list for PBXNativeTarget "Commonplace BookTests" */ = {
			isa = XCConfigurationList;
			buildConfigurations = (
				E70A9F3C2DC468D6002546E8 /* Debug */,
				E70A9F3D2DC468D6002546E8 /* Release */,
			);
			defaultConfigurationIsVisible = 0;
			defaultConfigurationName = Release;
		};
		E70A9F3E2DC468D6002546E8 /* Build configuration list for PBXNativeTarget "Commonplace BookUITests" */ = {
			isa = XCConfigurationList;
			buildConfigurations = (
				E70A9F3F2DC468D6002546E8 /* Debug */,
				E70A9F402DC468D6002546E8 /* Release */,
			);
			defaultConfigurationIsVisible = 0;
			defaultConfigurationName = Release;
		};
/* End XCConfigurationList section */

/* Begin XCRemoteSwiftPackageReference section */
		E70A9F502DC46AAA002546E8 /* XCRemoteSwiftPackageReference "Yams" */ = {
			isa = XCRemoteSwiftPackageReference;
			repositoryURL = "https://github.com/jpsim/Yams.git";
			requirement = {
				kind = upToNextMajorVersion;
				minimumVersion = 5.0.6;
			};
		};
		E70A9F532DC46AAB002546E8 /* XCRemoteSwiftPackageReference "automerge-swift" */ = {
			isa = XCRemoteSwiftPackageReference;
			repositoryURL = "https://github.com/automerge/automerge-swift.git";
			requirement = {
				kind = upToNextMajorVersion;
				minimumVersion = 0.6.1;
			};
		};
		E70A9F562DC46AAC002546E8 /* XCRemoteSwiftPackageReference "SQLite.swift" */ = {
			isa = XCRemoteSwiftPackageReference;
			repositoryURL = "https://github.com/stephencelis/SQLite.swift.git";
			requirement = {
				kind = upToNextMajorVersion;
				minimumVersion = 0.15.3;
			};
		};
		E70A9F592DC46AAD002546E8 /* XCRemoteSwiftPackageReference "swift-embeddings" */ = {
			isa = XCRemoteSwiftPackageReference;
			repositoryURL = "https://github.com/jkrukowski/swift-embeddings";
			requirement = {
				kind = upToNextMajorVersion;
				minimumVersion = 0.0.16;
			};
		};
/* End XCRemoteSwiftPackageReference section */

/* Begin XCSwiftPackageProductDependency section */
		E70A9F512DC46AAA002546E8 /* Yams */ = {
			isa = XCSwiftPackageProductDependency;
			package = E70A9F502DC46AAA002546E8 /* XCRemoteSwiftPackageReference "Yams" */;
			productName = Yams;
		};
		E70A9F542DC46AAB002546E8 /* Automerge */ = {
			isa = XCSwiftPackageProductDependency;
			package = E70A9F532DC46AAB002546E8 /* XCRemoteSwiftPackageReference "automerge-swift" */;
			productName = Automerge;
		};
		E70A9F572DC46AAC002546E8 /* SQLite */ = {
			isa = XCSwiftPackageProductDependency;
			package = E70A9F562DC46AAC002546E8 /* XCRemoteSwiftPackageReference "SQLite.swift" */;
			productName = SQLite;
		};
		E70A9F5A2DC46AAD002546E8 /* Embeddings */ = {
			isa = XCSwiftPackageProductDependency;
			package = E70A9F592DC46AAD002546E8 /* XCRemoteSwiftPackageReference "swift-embeddings" */;
			productName = Embeddings;
		};
/* End XCSwiftPackageProductDependency section */
	};
	rootObject = E70A9F092DC468D4002546E8 /* Project object */;
}
